
Microsoft Visual Studio Solution File, Format Version 12.00
Project("{FAE04EC0-301F-11D3-BF4B-00C04F79EFBC}") = "Selenium", "Selenium.csproj", "{E45A9547-F4BA-4DE4-9D29-875DD8D54794}"
EndProject
Global
	GlobalSection(SolutionConfigurationPlatforms) = preSolution
		Debug|Any CPU = Debug|Any CPU
		Release|Any CPU = Release|Any CPU
	EndGlobalSection
	GlobalSection(ProjectConfigurationPlatforms) = postSolution
		{E45A9547-F4BA-4DE4-9D29-875DD8D54794}.Debug|Any CPU.ActiveCfg = Debug|Any CPU
		{E45A9547-F4BA-4DE4-9D29-875DD8D54794}.Debug|Any CPU.Build.0 = Debug|Any CPU
		{E45A9547-F4BA-4DE4-9D29-875DD8D54794}.Release|Any CPU.ActiveCfg = Release|Any CPU
		{E45A9547-F4BA-4DE4-9D29-875DD8D54794}.Release|Any CPU.Build.0 = Release|Any CPU
	EndGlobalSection
EndGlobal
